
Microsoft Visual Studio Solution File, Format Version 12.00
# Visual Studio Version 16
VisualStudioVersion = 16.0.30804.86
MinimumVisualStudioVersion = 10.0.40219.1
Project("{FAE04EC0-301F-11D3-BF4B-00C04F79EFBC}") = "RETO", "RETO.csproj", "{F908B805-7442-4344-9E34-5720FCA046D0}"
EndProject
Global
	GlobalSection(SolutionConfigurationPlatforms) = preSolution
		Debug|Any CPU = Debug|Any CPU
		Release|Any CPU = Release|Any CPU
	EndGlobalSection
	GlobalSection(ProjectConfigurationPlatforms) = postSolution
		{F908B805-7442-4344-9E34-5720FCA046D0}.Debug|Any CPU.ActiveCfg = Debug|Any CPU
		{F908B805-7442-4344-9E34-5720FCA046D0}.Debug|Any CPU.Build.0 = Debug|Any CPU
		{F908B805-7442-4344-9E34-5720FCA046D0}.Release|Any CPU.ActiveCfg = Release|Any CPU
		{F908B805-7442-4344-9E34-5720FCA046D0}.Release|Any CPU.Build.0 = Release|Any CPU
	EndGlobalSection
	GlobalSection(SolutionProperties) = preSolution
		HideSolutionNode = FALSE
	EndGlobalSection
	GlobalSection(ExtensibilityGlobals) = postSolution
		SolutionGuid = {400804E3-32AF-49C6-9082-0E333FAA46FA}
	EndGlobalSection
EndGlobal
